
Microsoft Visual Studio Solution File, Format Version 12.00
# Visual Studio Version 17
VisualStudioVersion = 17.5.002.0
MinimumVisualStudioVersion = 10.0.40219.1
Project("{9A19103F-16F7-4668-BE54-9A1E7A4F7556}") = "JuegoPersonajes", "JuegoPersonajes.csproj", "{D1FB85F3-7C1F-49E5-92CD-B657DEB731D3}"
EndProject
Global
	GlobalSection(SolutionConfigurationPlatforms) = preSolution
		Debug|Any CPU = Debug|Any CPU
		Release|Any CPU = Release|Any CPU
	EndGlobalSection
	GlobalSection(ProjectConfigurationPlatforms) = postSolution
		{D1FB85F3-7C1F-49E5-92CD-B657DEB731D3}.Debug|Any CPU.ActiveCfg = Debug|Any CPU
		{D1FB85F3-7C1F-49E5-92CD-B657DEB731D3}.Debug|Any CPU.Build.0 = Debug|Any CPU
		{D1FB85F3-7C1F-49E5-92CD-B657DEB731D3}.Release|Any CPU.ActiveCfg = Release|Any CPU
		{D1FB85F3-7C1F-49E5-92CD-B657DEB731D3}.Release|Any CPU.Build.0 = Release|Any CPU
	EndGlobalSection
	GlobalSection(SolutionProperties) = preSolution
		HideSolutionNode = FALSE
	EndGlobalSection
	GlobalSection(ExtensibilityGlobals) = postSolution
		SolutionGuid = {1DDE0B4E-71FE-465C-A95F-6410AC98BCDD}
	EndGlobalSection
EndGlobal
